<?xml version="1.0" encoding="utf-8"?>
<Project ToolsVersion="4.0" xmlns="http://schemas.microsoft.com/developer/msbuild/2003">
  <ItemGroup>
    <Filter Include="App">
      <UniqueIdentifier>{89f80abb-5076-48e6-9594-8d25cad6871d}</UniqueIdentifier>
    </Filter>
    <Filter Include="App\Source Files">
      <UniqueIdentifier>{4FC737F1-C7A5-4376-A066-2A32D752A2FF}</UniqueIdentifier>
      <Extensions>cpp;c;cc;cxx;def;odl;idl;hpj;bat;asm;asmx</Extensions>
    </Filter>
    <Filter Include="App\Header Files">
      <UniqueIdentifier>{93995380-89BD-4b04-88EB-625FBE52EBFB}</UniqueIdentifier>
      <Extensions>h;hh;hpp;hxx;hm;inl;inc;xsd</Extensions>
    </Filter>
    <Filter Include="App\Controller Files">
      <UniqueIdentifier>{bcdc8d12-3560-4f90-98a3-55cde5a817e9}</UniqueIdentifier>
    </Filter>
  </ItemGroup>
  <ItemGroup>
    <ClInclude Include="stdafx.h">
      <Filter>App\Header Files</Filter>
    </ClInclude>
    <ClInclude Include="Controllers\ProcessAccess.h">
      <Filter>App\Controller Files</Filter>
    </ClInclude>
    <ClInclude Include="Controllers\NativeAPI.h">
      <Filter>App\Controller Files</Filter>
    </ClInclude>
    <ClInclude Include="NtStructs.h">
      <Filter>App\Header Files</Filter>
    </ClInclude>
    <ClInclude Include="NtTypedefs.h">
      <Filter>App\Header Files</Filter>
    </ClInclude>
    <ClInclude Include="NtConsts.h">
      <Filter>App\Header Files</Filter>
    </ClInclude>
    <ClInclude Include="NtEnums.h">
      <Filter>App\Header Files</Filter>
    </ClInclude>
  </ItemGroup>
  <ItemGroup>
    <ClCompile Include="stdafx.cpp">
      <Filter>App\Source Files</Filter>
    </ClCompile>
    <ClCompile Include="dllmain.cpp">
      <Filter>App\Source Files</Filter>
    </ClCompile>
    <ClCompile Include="Controllers\NativeAPI.cpp">
      <Filter>App\Controller Files</Filter>
    </ClCompile>
    <ClCompile Include="Controllers\ProcessAccess.cpp">
      <Filter>App\Controller Files</Filter>
    </ClCompile>
  </ItemGroup>
</Project>